// !$*UTF8*$!
{
	archiveVersion = 1;
	classes = {
	};
	objectVersion = 46;
	objects = {

/* Begin PBXBuildFile section */
		FCC0D81817E355540042143A /* Foundation.framework in Frameworks */ = {isa = PBXBuildFile; fileRef = FCC0D81717E355540042143A /* Foundation.framework */; };
		FCC0D81A17E355540042143A /* CoreGraphics.framework in Frameworks */ = {isa = PBXBuildFile; fileRef = FCC0D81917E355540042143A /* CoreGraphics.framework */; };
		FCC0D81C17E355540042143A /* UIKit.framework in Frameworks */ = {isa = PBXBuildFile; fileRef = FCC0D81B17E355540042143A /* UIKit.framework */; };
		FCC0D81E17E355540042143A /* SpriteKit.framework in Frameworks */ = {isa = PBXBuildFile; fileRef = FCC0D81D17E355540042143A /* SpriteKit.framework */; };
		FCC0D82417E355540042143A /* InfoPlist.strings in Resources */ = {isa = PBXBuildFile; fileRef = FCC0D82217E355540042143A /* InfoPlist.strings */; };
		FCC0D82617E355540042143A /* main.m in Sources */ = {isa = PBXBuildFile; fileRef = FCC0D82517E355540042143A /* main.m */; };
		FCC0D82A17E355540042143A /* AppDelegate.m in Sources */ = {isa = PBXBuildFile; fileRef = FCC0D82917E355540042143A /* AppDelegate.m */; };
		FCC0D82D17E355540042143A /* Main.storyboard in Resources */ = {isa = PBXBuildFile; fileRef = FCC0D82B17E355540042143A /* Main.storyboard */; };
		FCC0D83017E355540042143A /* ViewController.m in Sources */ = {isa = PBXBuildFile; fileRef = FCC0D82F17E355540042143A /* ViewController.m */; };
		FCC0D83317E355540042143A /* MyScene.m in Sources */ = {isa = PBXBuildFile; fileRef = FCC0D83217E355540042143A /* MyScene.m */; };
		FCC0D83517E355540042143A /* Spaceship.png in Resources */ = {isa = PBXBuildFile; fileRef = FCC0D83417E355540042143A /* Spaceship.png */; };
		FCC0D83717E355540042143A /* Images.xcassets in Resources */ = {isa = PBXBuildFile; fileRef = FCC0D83617E355540042143A /* Images.xcassets */; };
		FCC0D83E17E355540042143A /* XCTest.framework in Frameworks */ = {isa = PBXBuildFile; fileRef = FCC0D83D17E355540042143A /* XCTest.framework */; };
		FCC0D83F17E355540042143A /* Foundation.framework in Frameworks */ = {isa = PBXBuildFile; fileRef = FCC0D81717E355540042143A /* Foundation.framework */; };
		FCC0D84017E355540042143A /* UIKit.framework in Frameworks */ = {isa = PBXBuildFile; fileRef = FCC0D81B17E355540042143A /* UIKit.framework */; };
		FCC0D84817E355540042143A /* InfoPlist.strings in Resources */ = {isa = PBXBuildFile; fileRef = FCC0D84617E355540042143A /* InfoPlist.strings */; };
		FCC0D84A17E355540042143A /* teestTests.m in Sources */ = {isa = PBXBuildFile; fileRef = FCC0D84917E355540042143A /* teestTests.m */; };
/* End PBXBuildFile section */

/* Begin PBXContainerItemProxy section */
		FCC0D84117E355540042143A /* PBXContainerItemProxy */ = {
			isa = PBXContainerItemProxy;
			containerPortal = FCC0D80C17E355540042143A /* Project object */;
			proxyType = 1;
			remoteGlobalIDString = FCC0D81317E355540042143A;
			remoteInfo = teest;
		};
/* End PBXContainerItemProxy section */

/* Begin PBXFileReference section */
		FCC0D81417E355540042143A /* teest.app */ = {isa = PBXFileReference; explicitFileType = wrapper.application; includeInIndex = 0; path = teest.app; sourceTree = BUILT_PRODUCTS_DIR; };
		FCC0D81717E355540042143A /* Foundation.framework */ = {isa = PBXFileReference; lastKnownFileType = wrapper.framework; name = Foundation.framework; path = System/Library/Frameworks/Foundation.framework; sourceTree = SDKROOT; };
		FCC0D81917E355540042143A /* CoreGraphics.framework */ = {isa = PBXFileReference; lastKnownFileType = wrapper.framework; name = CoreGraphics.framework; path = System/Library/Frameworks/CoreGraphics.framework; sourceTree = SDKROOT; };
		FCC0D81B17E355540042143A /* UIKit.framework */ = {isa = PBXFileReference; lastKnownFileType = wrapper.framework; name = UIKit.framework; path = System/Library/Frameworks/UIKit.framework; sourceTree = SDKROOT; };
		FCC0D81D17E355540042143A /* SpriteKit.framework */ = {isa = PBXFileReference; lastKnownFileType = wrapper.framework; name = SpriteKit.framework; path = System/Library/Frameworks/SpriteKit.framework; sourceTree = SDKROOT; };
		FCC0D82117E355540042143A /* teest-Info.plist */ = {isa = PBXFileReference; lastKnownFileType = text.plist.xml; path = "teest-Info.plist"; sourceTree = "<group>"; };
		FCC0D82317E355540042143A /* en */ = {isa = PBXFileReference; lastKnownFileType = text.plist.strings; name = en; path = en.lproj/InfoPlist.strings; sourceTree = "<group>"; };
		FCC0D82517E355540042143A /* main.m */ = {isa = PBXFileReference; lastKnownFileType = sourcecode.c.objc; path = main.m; sourceTree = "<group>"; };
		FCC0D82717E355540042143A /* teest-Prefix.pch */ = {isa = PBXFileReference; lastKnownFileType = sourcecode.c.h; path = "teest-Prefix.pch"; sourceTree = "<group>"; };
		FCC0D82817E355540042143A /* AppDelegate.h */ = {isa = PBXFileReference; lastKnownFileType = sourcecode.c.h; path = AppDelegate.h; sourceTree = "<group>"; };
		FCC0D82917E355540042143A /* AppDelegate.m */ = {isa = PBXFileReference; lastKnownFileType = sourcecode.c.objc; path = AppDelegate.m; sourceTree = "<group>"; };
		FCC0D82C17E355540042143A /* Base */ = {isa = PBXFileReference; lastKnownFileType = file.storyboard; name = Base; path = Base.lproj/Main.storyboard; sourceTree = "<group>"; };
		FCC0D82E17E355540042143A /* ViewController.h */ = {isa = PBXFileReference; lastKnownFileType = sourcecode.c.h; path = ViewController.h; sourceTree = "<group>"; };
		FCC0D82F17E355540042143A /* ViewController.m */ = {isa = PBXFileReference; lastKnownFileType = sourcecode.c.objc; path = ViewController.m; sourceTree = "<group>"; };
		FCC0D83117E355540042143A /* MyScene.h */ = {isa = PBXFileReference; lastKnownFileType = sourcecode.c.h; path = MyScene.h; sourceTree = "<group>"; };
		FCC0D83217E355540042143A /* MyScene.m */ = {isa = PBXFileReference; lastKnownFileType = sourcecode.c.objc; path = MyScene.m; sourceTree = "<group>"; };
		FCC0D83417E355540042143A /* Spaceship.png */ = {isa = PBXFileReference; lastKnownFileType = image.png; path = Spaceship.png; sourceTree = "<group>"; };
		FCC0D83617E355540042143A /* Images.xcassets */ = {isa = PBXFileReference; lastKnownFileType = folder.assetcatalog; path = Images.xcassets; sourceTree = "<group>"; };
		FCC0D83C17E355540042143A /* teestTests.xctest */ = {isa = PBXFileReference; explicitFileType = wrapper.cfbundle; includeInIndex = 0; path = teestTests.xctest; sourceTree = BUILT_PRODUCTS_DIR; };
		FCC0D83D17E355540042143A /* XCTest.framework */ = {isa = PBXFileReference; lastKnownFileType = wrapper.framework; name = XCTest.framework; path = Library/Frameworks/XCTest.framework; sourceTree = DEVELOPER_DIR; };
		FCC0D84517E355540042143A /* teestTests-Info.plist */ = {isa = PBXFileReference; lastKnownFileType = text.plist.xml; path = "teestTests-Info.plist"; sourceTree = "<group>"; };
		FCC0D84717E355540042143A /* en */ = {isa = PBXFileReference; lastKnownFileType = text.plist.strings; name = en; path = en.lproj/InfoPlist.strings; sourceTree = "<group>"; };
		FCC0D84917E355540042143A /* teestTests.m */ = {isa = PBXFileReference; lastKnownFileType = sourcecode.c.objc; path = teestTests.m; sourceTree = "<group>"; };
/* End PBXFileReference section */

/* Begin PBXFrameworksBuildPhase section */
		FCC0D81117E355540042143A /* Frameworks */ = {
			isa = PBXFrameworksBuildPhase;
			buildActionMask = 2147483647;
			files = (
				FCC0D81A17E355540042143A /* CoreGraphics.framework in Frameworks */,
				FCC0D81C17E355540042143A /* UIKit.framework in Frameworks */,
				FCC0D81E17E355540042143A /* SpriteKit.framework in Frameworks */,
				FCC0D81817E355540042143A /* Foundation.framework in Frameworks */,
			);
			runOnlyForDeploymentPostprocessing = 0;
		};
		FCC0D83917E355540042143A /* Frameworks */ = {
			isa = PBXFrameworksBuildPhase;
			buildActionMask = 2147483647;
			files = (
				FCC0D83E17E355540042143A /* XCTest.framework in Frameworks */,
				FCC0D84017E355540042143A /* UIKit.framework in Frameworks */,
				FCC0D83F17E355540042143A /* Foundation.framework in Frameworks */,
			);
			runOnlyForDeploymentPostprocessing = 0;
		};
/* End PBXFrameworksBuildPhase section */

/* Begin PBXGroup section */
		FCC0D80B17E355540042143A = {
			isa = PBXGroup;
			children = (
				FCC0D81F17E355540042143A /* teest */,
				FCC0D84317E355540042143A /* teestTests */,
				FCC0D81617E355540042143A /* Frameworks */,
				FCC0D81517E355540042143A /* Products */,
			);
			sourceTree = "<group>";
		};
		FCC0D81517E355540042143A /* Products */ = {
			isa = PBXGroup;
			children = (
				FCC0D81417E355540042143A /* teest.app */,
				FCC0D83C17E355540042143A /* teestTests.xctest */,
			);
			name = Products;
			sourceTree = "<group>";
		};
		FCC0D81617E355540042143A /* Frameworks */ = {
			isa = PBXGroup;
			children = (
				FCC0D81717E355540042143A /* Foundation.framework */,
				FCC0D81917E355540042143A /* CoreGraphics.framework */,
				FCC0D81B17E355540042143A /* UIKit.framework */,
				FCC0D81D17E355540042143A /* SpriteKit.framework */,
				FCC0D83D17E355540042143A /* XCTest.framework */,
			);
			name = Frameworks;
			sourceTree = "<group>";
		};
		FCC0D81F17E355540042143A /* teest */ = {
			isa = PBXGroup;
			children = (
				FCC0D82817E355540042143A /* AppDelegate.h */,
				FCC0D82917E355540042143A /* AppDelegate.m */,
				FCC0D82B17E355540042143A /* Main.storyboard */,
				FCC0D82E17E355540042143A /* ViewController.h */,
				FCC0D82F17E355540042143A /* ViewController.m */,
				FCC0D83117E355540042143A /* MyScene.h */,
				FCC0D83217E355540042143A /* MyScene.m */,
				FCC0D83417E355540042143A /* Spaceship.png */,
				FCC0D83617E355540042143A /* Images.xcassets */,
				FCC0D82017E355540042143A /* Supporting Files */,
			);
			path = teest;
			sourceTree = "<group>";
		};
		FCC0D82017E355540042143A /* Supporting Files */ = {
			isa = PBXGroup;
			children = (
				FCC0D82117E355540042143A /* teest-Info.plist */,
				FCC0D82217E355540042143A /* InfoPlist.strings */,
				FCC0D82517E355540042143A /* main.m */,
				FCC0D82717E355540042143A /* teest-Prefix.pch */,
			);
			name = "Supporting Files";
			sourceTree = "<group>";
		};
		FCC0D84317E355540042143A /* teestTests */ = {
			isa = PBXGroup;
			children = (
				FCC0D84917E355540042143A /* teestTests.m */,
				FCC0D84417E355540042143A /* Supporting Files */,
			);
			path = teestTests;
			sourceTree = "<group>";
		};
		FCC0D84417E355540042143A /* Supporting Files */ = {
			isa = PBXGroup;
			children = (
				FCC0D84517E355540042143A /* teestTests-Info.plist */,
				FCC0D84617E355540042143A /* InfoPlist.strings */,
			);
			name = "Supporting Files";
			sourceTree = "<group>";
		};
/* End PBXGroup section */

/* Begin PBXNativeTarget section */
		FCC0D81317E355540042143A /* teest */ = {
			isa = PBXNativeTarget;
			buildConfigurationList = FCC0D84D17E355540042143A /* Build configuration list for PBXNativeTarget "teest" */;
			buildPhases = (
				FCC0D81017E355540042143A /* Sources */,
				FCC0D81117E355540042143A /* Frameworks */,
				FCC0D81217E355540042143A /* Resources */,
			);
			buildRules = (
			);
			dependencies = (
			);
			name = teest;
			productName = teest;
			productReference = FCC0D81417E355540042143A /* teest.app */;
			productType = "com.apple.product-type.application";
		};
		FCC0D83B17E355540042143A /* teestTests */ = {
			isa = PBXNativeTarget;
			buildConfigurationList = FCC0D85017E355540042143A /* Build configuration list for PBXNativeTarget "teestTests" */;
			buildPhases = (
				FCC0D83817E355540042143A /* Sources */,
				FCC0D83917E355540042143A /* Frameworks */,
				FCC0D83A17E355540042143A /* Resources */,
			);
			buildRules = (
			);
			dependencies = (
				FCC0D84217E355540042143A /* PBXTargetDependency */,
			);
			name = teestTests;
			productName = teestTests;
			productReference = FCC0D83C17E355540042143A /* teestTests.xctest */;
			productType = "com.apple.product-type.bundle.unit-test";
		};
/* End PBXNativeTarget section */

/* Begin PBXProject section */
		FCC0D80C17E355540042143A /* Project object */ = {
			isa = PBXProject;
			attributes = {
				LastUpgradeCheck = 0500;
				ORGANIZATIONNAME = "Tomaz Golob";
				TargetAttributes = {
					FCC0D81317E355540042143A = {
						DevelopmentTeam = 7E24WZT4N3;
					};
					FCC0D83B17E355540042143A = {
						TestTargetID = FCC0D81317E355540042143A;
					};
				};
			};
			buildConfigurationList = FCC0D80F17E355540042143A /* Build configuration list for PBXProject "teest" */;
			compatibilityVersion = "Xcode 3.2";
			developmentRegion = English;
			hasScannedForEncodings = 0;
			knownRegions = (
				en,
				Base,
			);
			mainGroup = FCC0D80B17E355540042143A;
			productRefGroup = FCC0D81517E355540042143A /* Products */;
			projectDirPath = "";
			projectRoot = "";
			targets = (
				FCC0D81317E355540042143A /* teest */,
				FCC0D83B17E355540042143A /* teestTests */,
			);
		};
/* End PBXProject section */

/* Begin PBXResourcesBuildPhase section */
		FCC0D81217E355540042143A /* Resources */ = {
			isa = PBXResourcesBuildPhase;
			buildActionMask = 2147483647;
			files = (
				FCC0D82417E355540042143A /* InfoPlist.strings in Resources */,
				FCC0D83717E355540042143A /* Images.xcassets in Resources */,
				FCC0D83517E355540042143A /* Spaceship.png in Resources */,
				FCC0D82D17E355540042143A /* Main.storyboard in Resources */,
			);
			runOnlyForDeploymentPostprocessing = 0;
		};
		FCC0D83A17E355540042143A /* Resources */ = {
			isa = PBXResourcesBuildPhase;
			buildActionMask = 2147483647;
			files = (
				FCC0D84817E355540042143A /* InfoPlist.strings in Resources */,
			);
			runOnlyForDeploymentPostprocessing = 0;
		};
/* End PBXResourcesBuildPhase section */

/* Begin PBXSourcesBuildPhase section */
		FCC0D81017E355540042143A /* Sources */ = {
			isa = PBXSourcesBuildPhase;
			buildActionMask = 2147483647;
			files = (
				FCC0D83317E355540042143A /* MyScene.m in Sources */,
				FCC0D83017E355540042143A /* ViewController.m in Sources */,
				FCC0D82A17E355540042143A /* AppDelegate.m in Sources */,
				FCC0D82617E355540042143A /* main.m in Sources */,
			);
			runOnlyForDeploymentPostprocessing = 0;
		};
		FCC0D83817E355540042143A /* Sources */ = {
			isa = PBXSourcesBuildPhase;
			buildActionMask = 2147483647;
			files = (
				FCC0D84A17E355540042143A /* teestTests.m in Sources */,
			);
			runOnlyForDeploymentPostprocessing = 0;
		};
/* End PBXSourcesBuildPhase section */

/* Begin PBXTargetDependency section */
		FCC0D84217E355540042143A /* PBXTargetDependency */ = {
			isa = PBXTargetDependency;
			target = FCC0D81317E355540042143A /* teest */;
			targetProxy = FCC0D84117E355540042143A /* PBXContainerItemProxy */;
		};
/* End PBXTargetDependency section */

/* Begin PBXVariantGroup section */
		FCC0D82217E355540042143A /* InfoPlist.strings */ = {
			isa = PBXVariantGroup;
			children = (
				FCC0D82317E355540042143A /* en */,
			);
			name = InfoPlist.strings;
			sourceTree = "<group>";
		};
		FCC0D82B17E355540042143A /* Main.storyboard */ = {
			isa = PBXVariantGroup;
			children = (
				FCC0D82C17E355540042143A /* Base */,
			);
			name = Main.storyboard;
			sourceTree = "<group>";
		};
		FCC0D84617E355540042143A /* InfoPlist.strings */ = {
			isa = PBXVariantGroup;
			children = (
				FCC0D84717E355540042143A /* en */,
			);
			name = InfoPlist.strings;
			sourceTree = "<group>";
		};
/* End PBXVariantGroup section */

/* Begin XCBuildConfiguration section */
		FCC0D84B17E355540042143A /* Debug */ = {
			isa = XCBuildConfiguration;
			buildSettings = {
				ALWAYS_SEARCH_USER_PATHS = NO;
				ARCHS = "$(ARCHS_STANDARD_INCLUDING_64_BIT)";
				CLANG_CXX_LANGUAGE_STANDARD = "gnu++0x";
				CLANG_CXX_LIBRARY = "libc++";
				CLANG_ENABLE_MODULES = YES;
				CLANG_ENABLE_OBJC_ARC = YES;
				CLANG_WARN_BOOL_CONVERSION = YES;
				CLANG_WARN_CONSTANT_CONVERSION = YES;
				CLANG_WARN_DIRECT_OBJC_ISA_USAGE = YES_ERROR;
				CLANG_WARN_EMPTY_BODY = YES;
				CLANG_WARN_ENUM_CONVERSION = YES;
				CLANG_WARN_INT_CONVERSION = YES;
				CLANG_WARN_OBJC_ROOT_CLASS = YES_ERROR;
				CLANG_WARN__DUPLICATE_METHOD_MATCH = YES;
				"CODE_SIGN_IDENTITY[sdk=iphoneos*]" = "iPhone Developer";
				COPY_PHASE_STRIP = NO;
				GCC_C_LANGUAGE_STANDARD = gnu99;
				GCC_DYNAMIC_NO_PIC = NO;
				GCC_OPTIMIZATION_LEVEL = 0;
				GCC_PREPROCESSOR_DEFINITIONS = (
					"DEBUG=1",
					"$(inherited)",
				);
				GCC_SYMBOLS_PRIVATE_EXTERN = NO;
				GCC_WARN_64_TO_32_BIT_CONVERSION = YES;
				GCC_WARN_ABOUT_RETURN_TYPE = YES_ERROR;
				GCC_WARN_UNDECLARED_SELECTOR = YES;
				GCC_WARN_UNINITIALIZED_AUTOS = YES;
				GCC_WARN_UNUSED_FUNCTION = YES;
				GCC_WARN_UNUSED_VARIABLE = YES;
				IPHONEOS_DEPLOYMENT_TARGET = 7.0;
				ONLY_ACTIVE_ARCH = YES;
				SDKROOT = iphoneos;
			};
			name = Debug;
		};
		FCC0D84C17E355540042143A /* Release */ = {
			isa = XCBuildConfiguration;
			buildSettings = {
				ALWAYS_SEARCH_USER_PATHS = NO;
				ARCHS = "$(ARCHS_STANDARD_INCLUDING_64_BIT)";
				CLANG_CXX_LANGUAGE_STANDARD = "gnu++0x";
				CLANG_CXX_LIBRARY = "libc++";
				CLANG_ENABLE_MODULES = YES;
				CLANG_ENABLE_OBJC_ARC = YES;
				CLANG_WARN_BOOL_CONVERSION = YES;
				CLANG_WARN_CONSTANT_CONVERSION = YES;
				CLANG_WARN_DIRECT_OBJC_ISA_USAGE = YES_ERROR;
				CLANG_WARN_EMPTY_BODY = YES;
				CLANG_WARN_ENUM_CONVERSION = YES;
				CLANG_WARN_INT_CONVERSION = YES;
				CLANG_WARN_OBJC_ROOT_CLASS = YES_ERROR;
				CLANG_WARN__DUPLICATE_METHOD_MATCH = YES;
				"CODE_SIGN_IDENTITY[sdk=iphoneos*]" = "iPhone Developer";
				COPY_PHASE_STRIP = YES;
				ENABLE_NS_ASSERTIONS = NO;
				GCC_C_LANGUAGE_STANDARD = gnu99;
				GCC_WARN_64_TO_32_BIT_CONVERSION = YES;
				GCC_WARN_ABOUT_RETURN_TYPE = YES_ERROR;
				GCC_WARN_UNDECLARED_SELECTOR = YES;
				GCC_WARN_UNINITIALIZED_AUTOS = YES;
				GCC_WARN_UNUSED_FUNCTION = YES;
				GCC_WARN_UNUSED_VARIABLE = YES;
				IPHONEOS_DEPLOYMENT_TARGET = 7.0;
				SDKROOT = iphoneos;
				VALIDATE_PRODUCT = YES;
			};
			name = Release;
		};
		FCC0D84E17E355540042143A /* Debug */ = {
			isa = XCBuildConfiguration;
			buildSettings = {
				ASSETCATALOG_COMPILER_APPICON_NAME = AppIcon;
				ASSETCATALOG_COMPILER_LAUNCHIMAGE_NAME = LaunchImage;
				CODE_SIGN_IDENTITY = "iPhone Developer";
				GCC_PRECOMPILE_PREFIX_HEADER = YES;
				GCC_PREFIX_HEADER = "teest/teest-Prefix.pch";
				INFOPLIST_FILE = "teest/teest-Info.plist";
				PRODUCT_NAME = "$(TARGET_NAME)";
				SPRITEKIT_TEXTURE_ATLAS_OUTPUT = YES;
				WRAPPER_EXTENSION = app;
			};
			name = Debug;
		};
		FCC0D84F17E355540042143A /* Release */ = {
			isa = XCBuildConfiguration;
			buildSettings = {
				ASSETCATALOG_COMPILER_APPICON_NAME = AppIcon;
				ASSETCATALOG_COMPILER_LAUNCHIMAGE_NAME = LaunchImage;
				CODE_SIGN_IDENTITY = "iPhone Developer";
				GCC_PRECOMPILE_PREFIX_HEADER = YES;
				GCC_PREFIX_HEADER = "teest/teest-Prefix.pch";
				INFOPLIST_FILE = "teest/teest-Info.plist";
				PRODUCT_NAME = "$(TARGET_NAME)";
				SPRITEKIT_TEXTURE_ATLAS_OUTPUT = YES;
				WRAPPER_EXTENSION = app;
			};
			name = Release;
		};
		FCC0D85117E355540042143A /* Debug */ = {
			isa = XCBuildConfiguration;
			buildSettings = {
				ARCHS = "$(ARCHS_STANDARD_INCLUDING_64_BIT)";
				BUNDLE_LOADER = "$(BUILT_PRODUCTS_DIR)/teest.app/teest";
				FRAMEWORK_SEARCH_PATHS = (
					"$(SDKROOT)/Developer/Library/Frameworks",
					"$(inherited)",
					"$(DEVELOPER_FRAMEWORKS_DIR)",
				);
				GCC_PRECOMPILE_PREFIX_HEADER = YES;
				GCC_PREFIX_HEADER = "teest/teest-Prefix.pch";
				GCC_PREPROCESSOR_DEFINITIONS = (
					"DEBUG=1",
					"$(inherited)",
				);
				INFOPLIST_FILE = "teestTests/teestTests-Info.plist";
				PRODUCT_NAME = "$(TARGET_NAME)";
				TEST_HOST = "$(BUNDLE_LOADER)";
				WRAPPER_EXTENSION = xctest;
			};
			name = Debug;
		};
		FCC0D85217E355540042143A /* Release */ = {
			isa = XCBuildConfiguration;
			buildSettings = {
				ARCHS = "$(ARCHS_STANDARD_INCLUDING_64_BIT)";
				BUNDLE_LOADER = "$(BUILT_PRODUCTS_DIR)/teest.app/teest";
				FRAMEWORK_SEARCH_PATHS = (
					"$(SDKROOT)/Developer/Library/Frameworks",
					"$(inherited)",
					"$(DEVELOPER_FRAMEWORKS_DIR)",
				);
				GCC_PRECOMPILE_PREFIX_HEADER = YES;
				GCC_PREFIX_HEADER = "teest/teest-Prefix.pch";
				INFOPLIST_FILE = "teestTests/teestTests-Info.plist";
				PRODUCT_NAME = "$(TARGET_NAME)";
				TEST_HOST = "$(BUNDLE_LOADER)";
				WRAPPER_EXTENSION = xctest;
			};
			name = Release;
		};
/* End XCBuildConfiguration section */

/* Begin XCConfigurationList section */
		FCC0D80F17E355540042143A /* Build configuration list for PBXProject "teest" */ = {
			isa = XCConfigurationList;
			buildConfigurations = (
				FCC0D84B17E355540042143A /* Debug */,
				FCC0D84C17E355540042143A /* Release */,
			);
			defaultConfigurationIsVisible = 0;
			defaultConfigurationName = Release;
		};
		FCC0D84D17E355540042143A /* Build configuration list for PBXNativeTarget "teest" */ = {
			isa = XCConfigurationList;
			buildConfigurations = (
				FCC0D84E17E355540042143A /* Debug */,
				FCC0D84F17E355540042143A /* Release */,
			);
			defaultConfigurationIsVisible = 0;
		};
		FCC0D85017E355540042143A /* Build configuration list for PBXNativeTarget "teestTests" */ = {
			isa = XCConfigurationList;
			buildConfigurations = (
				FCC0D85117E355540042143A /* Debug */,
				FCC0D85217E355540042143A /* Release */,
			);
			defaultConfigurationIsVisible = 0;
		};
/* End XCConfigurationList section */
	};
	rootObject = FCC0D80C17E355540042143A /* Project object */;
}
